# THIS IS AN AUTOGENERATED FILE. DO NOT EDIT THIS FILE DIRECTLY.
# yarn lockfile v1


"@actions/core@^1.5.0":
  version "1.5.0"
  resolved "https://registry.yarnpkg.com/@actions/core/-/core-1.5.0.tgz#885b864700001a1b9a6fba247833a036e75ad9d3"
  integrity sha512-eDOLH1Nq9zh+PJlYLqEMkS/jLQxhksPNmUGNBHfa4G+tQmnIhzpctxmchETtVGyBOvXgOVVpYuE40+eS4cUnwQ==

"@vercel/ncc@^0.33.3":
  version "0.33.3"
  resolved "https://registry.yarnpkg.com/@vercel/ncc/-/ncc-0.33.3.tgz#aacc6b3ea9f7b175e0c9a18c9b97e4005a2f4fcc"
  integrity sha512-JGZ11QV+/ZcfudW2Cz2JVp54/pJNXbsuWRgSh2ZmmZdQBKXqBtIGrwI1Wyx8nlbzAiEFe7FHi4K1zX4//jxTnQ==

prettier@^2.3.2:
  version "2.3.2"
  resolved "https://registry.yarnpkg.com/prettier/-/prettier-2.3.2.tgz#ef280a05ec253712e486233db5c6f23441e7342d"
  integrity sha512-lnJzDfJ66zkMy58OL5/NY5zp70S7Nz6KqcKkXYzn2tMVrNxvbqaBpg7H3qHaLxCJ5lNMsGuM8+ohS7cZrthdLQ==

shell-quote@^1.7.2:
  version "1.7.2"
  resolved "https://registry.yarnpkg.com/shell-quote/-/shell-quote-1.7.2.tgz#67a7d02c76c9da24f99d20808fcaded0e0e04be2"
  integrity sha512-mRz/m/JVscCrkMyPqHc/bczi3OQHkLTqXHEFu0zDhK/qfv3UcOA4SVmRCLmos4bhjr9ekVQubj/R7waKapmiQg==
